github.com/sergegamb/greetings v0.0.0-20241217135728-a1732159c8d2 h1:A8jG7t4Y2B2EUVHr6Z4fq8B+6QW/fRll9pcHXmGBEIg=
github.com/sergegamb/greetings v0.0.0-20241217135728-a1732159c8d2/go.mod h1:NiXX+k9l9QD717AwZBG54PNx8ZwmoWOt64CZOCmizOo=
github.com/sergegamb/greetings v0.0.0-20241217142709-e761a7c8b646 h1:+ZqnajsRSH+otmE+GKaVGXhYdF3QELijd/UWNOsZ0aA=
github.com/sergegamb/greetings v0.0.0-20241217142709-e761a7c8b646/go.mod h1:NiXX+k9l9QD717AwZBG54PNx8ZwmoWOt64CZOCmizOo=
github.com/sergegamb/greetings v0.0.0-20241222150300-21068046b14d h1:rqE/MYctyRa/JRxIkByJsV+lEKGpK+LWbajPcIsk7iI=
github.com/sergegamb/greetings v0.0.0-20241222150300-21068046b14d/go.mod h1:NiXX+k9l9QD717AwZBG54PNx8ZwmoWOt64CZOCmizOo=
